
Microsoft Visual Studio Solution File, Format Version 12.00
# Visual Studio Version 17
VisualStudioVersion = 17.14.36518.9
MinimumVisualStudioVersion = 10.0.40219.1
Project("{2150E333-8FDC-42A3-9474-1A3956D46DE8}") = "src", "src", "{02EA681E-C7D8-13C7-8484-4AC65E1B71E8}"
EndProject
Project("{FAE04EC0-301F-11D3-BF4B-00C04F79EFBC}") = "DesignPatternsDemo.Creational", "src\DesignPatternsDemo.Creational\DesignPatternsDemo.Creational.csproj", "{8DC9C9AF-C3D8-4A24-A5E6-FE2983CCED8C}"
EndProject
Project("{FAE04EC0-301F-11D3-BF4B-00C04F79EFBC}") = "DesignPatternsDemo.Structural", "src\DesignPatternsDemo.Structural\DesignPatternsDemo.Structural.csproj", "{ED9DE9E6-2BC1-46E1-B910-333196E1EA2F}"
EndProject
Project("{FAE04EC0-301F-11D3-BF4B-00C04F79EFBC}") = "DesignPatternsDemo.Behavioral", "src\DesignPatternsDemo.Behavioral\DesignPatternsDemo.Behavioral.csproj", "{8CF6E9B0-8052-4B08-A0B7-56D5BD59AC5D}"
EndProject
Project("{FAE04EC0-301F-11D3-BF4B-00C04F79EFBC}") = "DesignPatternsDemo.ConsoleApp", "src\DesignPatternsDemo.ConsoleApp\DesignPatternsDemo.ConsoleApp.csproj", "{DCCB2F79-7651-4A5A-A2E9-355880D4E6D2}"
EndProject
Global
	GlobalSection(SolutionConfigurationPlatforms) = preSolution
		Debug|Any CPU = Debug|Any CPU
		Release|Any CPU = Release|Any CPU
	EndGlobalSection
	GlobalSection(ProjectConfigurationPlatforms) = postSolution
		{8DC9C9AF-C3D8-4A24-A5E6-FE2983CCED8C}.Debug|Any CPU.ActiveCfg = Debug|Any CPU
		{8DC9C9AF-C3D8-4A24-A5E6-FE2983CCED8C}.Debug|Any CPU.Build.0 = Debug|Any CPU
		{8DC9C9AF-C3D8-4A24-A5E6-FE2983CCED8C}.Release|Any CPU.ActiveCfg = Release|Any CPU
		{8DC9C9AF-C3D8-4A24-A5E6-FE2983CCED8C}.Release|Any CPU.Build.0 = Release|Any CPU
		{ED9DE9E6-2BC1-46E1-B910-333196E1EA2F}.Debug|Any CPU.ActiveCfg = Debug|Any CPU
		{ED9DE9E6-2BC1-46E1-B910-333196E1EA2F}.Debug|Any CPU.Build.0 = Debug|Any CPU
		{ED9DE9E6-2BC1-46E1-B910-333196E1EA2F}.Release|Any CPU.ActiveCfg = Release|Any CPU
		{ED9DE9E6-2BC1-46E1-B910-333196E1EA2F}.Release|Any CPU.Build.0 = Release|Any CPU
		{8CF6E9B0-8052-4B08-A0B7-56D5BD59AC5D}.Debug|Any CPU.ActiveCfg = Debug|Any CPU
		{8CF6E9B0-8052-4B08-A0B7-56D5BD59AC5D}.Debug|Any CPU.Build.0 = Debug|Any CPU
		{8CF6E9B0-8052-4B08-A0B7-56D5BD59AC5D}.Release|Any CPU.ActiveCfg = Release|Any CPU
		{8CF6E9B0-8052-4B08-A0B7-56D5BD59AC5D}.Release|Any CPU.Build.0 = Release|Any CPU
		{DCCB2F79-7651-4A5A-A2E9-355880D4E6D2}.Debug|Any CPU.ActiveCfg = Debug|Any CPU
		{DCCB2F79-7651-4A5A-A2E9-355880D4E6D2}.Debug|Any CPU.Build.0 = Debug|Any CPU
		{DCCB2F79-7651-4A5A-A2E9-355880D4E6D2}.Release|Any CPU.ActiveCfg = Release|Any CPU
		{DCCB2F79-7651-4A5A-A2E9-355880D4E6D2}.Release|Any CPU.Build.0 = Release|Any CPU
	EndGlobalSection
	GlobalSection(SolutionProperties) = preSolution
		HideSolutionNode = FALSE
	EndGlobalSection
	GlobalSection(NestedProjects) = preSolution
		{8DC9C9AF-C3D8-4A24-A5E6-FE2983CCED8C} = {02EA681E-C7D8-13C7-8484-4AC65E1B71E8}
		{ED9DE9E6-2BC1-46E1-B910-333196E1EA2F} = {02EA681E-C7D8-13C7-8484-4AC65E1B71E8}
		{8CF6E9B0-8052-4B08-A0B7-56D5BD59AC5D} = {02EA681E-C7D8-13C7-8484-4AC65E1B71E8}
		{DCCB2F79-7651-4A5A-A2E9-355880D4E6D2} = {02EA681E-C7D8-13C7-8484-4AC65E1B71E8}
	EndGlobalSection
	GlobalSection(ExtensibilityGlobals) = postSolution
		SolutionGuid = {B15B33A1-B6B3-426C-BA3B-DA9AF94BD238}
	EndGlobalSection
EndGlobal
